
Microsoft Visual Studio Solution File, Format Version 12.00
# Visual Studio 15
VisualStudioVersion = 15.0.26124.0
MinimumVisualStudioVersion = 15.0.26124.0
Project("{FAE04EC0-301F-11D3-BF4B-00C04F79EFBC}") = "StaticSiteGenerator", "StaticSiteGenerator\StaticSiteGenerator.csproj", "{BA135591-9B3F-41E4-B505-54A05B84D82A}"
EndProject
Project("{FAE04EC0-301F-11D3-BF4B-00C04F79EFBC}") = "StaticSiteGenerator.UnitTests", "StaticSiteGenerator.UnitTests\StaticSiteGenerator.UnitTests.csproj", "{7338A360-CB8A-4D6D-B3DD-DEFA58F095C5}"
EndProject
Project("{FAE04EC0-301F-11D3-BF4B-00C04F79EFBC}") = "StaticSiteGenerator.IntegrationTests", "StaticSiteGenerator.IntegrationTests\StaticSiteGenerator.IntegrationTests.csproj", "{614EC28C-693E-468A-9156-7FEC4B1E117D}"
EndProject
Global
	GlobalSection(SolutionConfigurationPlatforms) = preSolution
		Debug|Any CPU = Debug|Any CPU
		Debug|x64 = Debug|x64
		Debug|x86 = Debug|x86
		Release|Any CPU = Release|Any CPU
		Release|x64 = Release|x64
		Release|x86 = Release|x86
	EndGlobalSection
	GlobalSection(SolutionProperties) = preSolution
		HideSolutionNode = FALSE
	EndGlobalSection
	GlobalSection(ProjectConfigurationPlatforms) = postSolution
		{6D9EABF0-C29A-4545-96BB-D4A83C016DF6}.Debug|Any CPU.ActiveCfg = Debug|Any CPU
		{6D9EABF0-C29A-4545-96BB-D4A83C016DF6}.Debug|Any CPU.Build.0 = Debug|Any CPU
		{6D9EABF0-C29A-4545-96BB-D4A83C016DF6}.Debug|x64.ActiveCfg = Debug|Any CPU
		{6D9EABF0-C29A-4545-96BB-D4A83C016DF6}.Debug|x64.Build.0 = Debug|Any CPU
		{6D9EABF0-C29A-4545-96BB-D4A83C016DF6}.Debug|x86.ActiveCfg = Debug|Any CPU
		{6D9EABF0-C29A-4545-96BB-D4A83C016DF6}.Debug|x86.Build.0 = Debug|Any CPU
		{6D9EABF0-C29A-4545-96BB-D4A83C016DF6}.Release|Any CPU.ActiveCfg = Release|Any CPU
		{6D9EABF0-C29A-4545-96BB-D4A83C016DF6}.Release|Any CPU.Build.0 = Release|Any CPU
		{6D9EABF0-C29A-4545-96BB-D4A83C016DF6}.Release|x64.ActiveCfg = Release|Any CPU
		{6D9EABF0-C29A-4545-96BB-D4A83C016DF6}.Release|x64.Build.0 = Release|Any CPU
		{6D9EABF0-C29A-4545-96BB-D4A83C016DF6}.Release|x86.ActiveCfg = Release|Any CPU
		{6D9EABF0-C29A-4545-96BB-D4A83C016DF6}.Release|x86.Build.0 = Release|Any CPU
		{BA135591-9B3F-41E4-B505-54A05B84D82A}.Debug|Any CPU.ActiveCfg = Debug|Any CPU
		{BA135591-9B3F-41E4-B505-54A05B84D82A}.Debug|Any CPU.Build.0 = Debug|Any CPU
		{BA135591-9B3F-41E4-B505-54A05B84D82A}.Debug|x64.ActiveCfg = Debug|Any CPU
		{BA135591-9B3F-41E4-B505-54A05B84D82A}.Debug|x64.Build.0 = Debug|Any CPU
		{BA135591-9B3F-41E4-B505-54A05B84D82A}.Debug|x86.ActiveCfg = Debug|Any CPU
		{BA135591-9B3F-41E4-B505-54A05B84D82A}.Debug|x86.Build.0 = Debug|Any CPU
		{BA135591-9B3F-41E4-B505-54A05B84D82A}.Release|Any CPU.ActiveCfg = Release|Any CPU
		{BA135591-9B3F-41E4-B505-54A05B84D82A}.Release|Any CPU.Build.0 = Release|Any CPU
		{BA135591-9B3F-41E4-B505-54A05B84D82A}.Release|x64.ActiveCfg = Release|Any CPU
		{BA135591-9B3F-41E4-B505-54A05B84D82A}.Release|x64.Build.0 = Release|Any CPU
		{BA135591-9B3F-41E4-B505-54A05B84D82A}.Release|x86.ActiveCfg = Release|Any CPU
		{BA135591-9B3F-41E4-B505-54A05B84D82A}.Release|x86.Build.0 = Release|Any CPU
		{7338A360-CB8A-4D6D-B3DD-DEFA58F095C5}.Debug|Any CPU.ActiveCfg = Debug|Any CPU
		{7338A360-CB8A-4D6D-B3DD-DEFA58F095C5}.Debug|Any CPU.Build.0 = Debug|Any CPU
		{7338A360-CB8A-4D6D-B3DD-DEFA58F095C5}.Debug|x64.ActiveCfg = Debug|Any CPU
		{7338A360-CB8A-4D6D-B3DD-DEFA58F095C5}.Debug|x64.Build.0 = Debug|Any CPU
		{7338A360-CB8A-4D6D-B3DD-DEFA58F095C5}.Debug|x86.ActiveCfg = Debug|Any CPU
		{7338A360-CB8A-4D6D-B3DD-DEFA58F095C5}.Debug|x86.Build.0 = Debug|Any CPU
		{7338A360-CB8A-4D6D-B3DD-DEFA58F095C5}.Release|Any CPU.ActiveCfg = Release|Any CPU
		{7338A360-CB8A-4D6D-B3DD-DEFA58F095C5}.Release|Any CPU.Build.0 = Release|Any CPU
		{7338A360-CB8A-4D6D-B3DD-DEFA58F095C5}.Release|x64.ActiveCfg = Release|Any CPU
		{7338A360-CB8A-4D6D-B3DD-DEFA58F095C5}.Release|x64.Build.0 = Release|Any CPU
		{7338A360-CB8A-4D6D-B3DD-DEFA58F095C5}.Release|x86.ActiveCfg = Release|Any CPU
		{7338A360-CB8A-4D6D-B3DD-DEFA58F095C5}.Release|x86.Build.0 = Release|Any CPU
		{614EC28C-693E-468A-9156-7FEC4B1E117D}.Debug|Any CPU.ActiveCfg = Debug|Any CPU
		{614EC28C-693E-468A-9156-7FEC4B1E117D}.Debug|Any CPU.Build.0 = Debug|Any CPU
		{614EC28C-693E-468A-9156-7FEC4B1E117D}.Debug|x64.ActiveCfg = Debug|Any CPU
		{614EC28C-693E-468A-9156-7FEC4B1E117D}.Debug|x64.Build.0 = Debug|Any CPU
		{614EC28C-693E-468A-9156-7FEC4B1E117D}.Debug|x86.ActiveCfg = Debug|Any CPU
		{614EC28C-693E-468A-9156-7FEC4B1E117D}.Debug|x86.Build.0 = Debug|Any CPU
		{614EC28C-693E-468A-9156-7FEC4B1E117D}.Release|Any CPU.ActiveCfg = Release|Any CPU
		{614EC28C-693E-468A-9156-7FEC4B1E117D}.Release|Any CPU.Build.0 = Release|Any CPU
		{614EC28C-693E-468A-9156-7FEC4B1E117D}.Release|x64.ActiveCfg = Release|Any CPU
		{614EC28C-693E-468A-9156-7FEC4B1E117D}.Release|x64.Build.0 = Release|Any CPU
		{614EC28C-693E-468A-9156-7FEC4B1E117D}.Release|x86.ActiveCfg = Release|Any CPU
		{614EC28C-693E-468A-9156-7FEC4B1E117D}.Release|x86.Build.0 = Release|Any CPU
	EndGlobalSection
EndGlobal
